// !$*UTF8*$!
{
	archiveVersion = 1;
	classes = {
	};
	objectVersion = 50;
	objects = {

/* Begin PBXBuildFile section */
		7A2BC41C20F5CD170004ED21 /* AudioToolbox.framework in Frameworks */ = {isa = PBXBuildFile; fileRef = 7A2BC41B20F5CD170004ED21 /* AudioToolbox.framework */; };
		7A2BC41E20F5D15F0004ED21 /* Clock-Alarm Dig01-2L.mp3 in Resources */ = {isa = PBXBuildFile; fileRef = 7A2BC41D20F5D15F0004ED21 /* Clock-Alarm Dig01-2L.mp3 */; };
		7AD2F22520F2F98E0050B350 /* AppDelegate.swift in Sources */ = {isa = PBXBuildFile; fileRef = 7AD2F22420F2F98E0050B350 /* AppDelegate.swift */; };
		7AD2F22720F2F98E0050B350 /* ViewController.swift in Sources */ = {isa = PBXBuildFile; fileRef = 7AD2F22620F2F98E0050B350 /* ViewController.swift */; };
		7AD2F22A20F2F98E0050B350 /* Main.storyboard in Resources */ = {isa = PBXBuildFile; fileRef = 7AD2F22820F2F98E0050B350 /* Main.storyboard */; };
		7AD2F22C20F2F98F0050B350 /* Assets.xcassets in Resources */ = {isa = PBXBuildFile; fileRef = 7AD2F22B20F2F98F0050B350 /* Assets.xcassets */; };
		7AD2F22F20F2F98F0050B350 /* LaunchScreen.storyboard in Resources */ = {isa = PBXBuildFile; fileRef = 7AD2F22D20F2F98F0050B350 /* LaunchScreen.storyboard */; };
/* End PBXBuildFile section */

/* Begin PBXFileReference section */
		7A2BC41B20F5CD170004ED21 /* AudioToolbox.framework */ = {isa = PBXFileReference; lastKnownFileType = wrapper.framework; name = AudioToolbox.framework; path = System/Library/Frameworks/AudioToolbox.framework; sourceTree = SDKROOT; };
		7A2BC41D20F5D15F0004ED21 /* Clock-Alarm Dig01-2L.mp3 */ = {isa = PBXFileReference; lastKnownFileType = audio.mp3; name = "Clock-Alarm Dig01-2L.mp3"; path = "../../Downloads/Clock-Alarm Dig01-mp3/Clock-Alarm Dig01-2L.mp3"; sourceTree = "<group>"; };
		7AD2F22120F2F98E0050B350 /* okite.app */ = {isa = PBXFileReference; explicitFileType = wrapper.application; includeInIndex = 0; path = okite.app; sourceTree = BUILT_PRODUCTS_DIR; };
		7AD2F22420F2F98E0050B350 /* AppDelegate.swift */ = {isa = PBXFileReference; lastKnownFileType = sourcecode.swift; path = AppDelegate.swift; sourceTree = "<group>"; };
		7AD2F22620F2F98E0050B350 /* ViewController.swift */ = {isa = PBXFileReference; lastKnownFileType = sourcecode.swift; path = ViewController.swift; sourceTree = "<group>"; };
		7AD2F22920F2F98E0050B350 /* Base */ = {isa = PBXFileReference; lastKnownFileType = file.storyboard; name = Base; path = Base.lproj/Main.storyboard; sourceTree = "<group>"; };
		7AD2F22B20F2F98F0050B350 /* Assets.xcassets */ = {isa = PBXFileReference; lastKnownFileType = folder.assetcatalog; path = Assets.xcassets; sourceTree = "<group>"; };
		7AD2F22E20F2F98F0050B350 /* Base */ = {isa = PBXFileReference; lastKnownFileType = file.storyboard; name = Base; path = Base.lproj/LaunchScreen.storyboard; sourceTree = "<group>"; };
		7AD2F23020F2F98F0050B350 /* Info.plist */ = {isa = PBXFileReference; lastKnownFileType = text.plist.xml; path = Info.plist; sourceTree = "<group>"; };
/* End PBXFileReference section */

/* Begin PBXFrameworksBuildPhase section */
		7AD2F21E20F2F98E0050B350 /* Frameworks */ = {
			isa = PBXFrameworksBuildPhase;
			buildActionMask = 2147483647;
			files = (
				7A2BC41C20F5CD170004ED21 /* AudioToolbox.framework in Frameworks */,
			);
			runOnlyForDeploymentPostprocessing = 0;
		};
/* End PBXFrameworksBuildPhase section */

/* Begin PBXGroup section */
		7A2BC41A20F5CD170004ED21 /* Frameworks */ = {
			isa = PBXGroup;
			children = (
				7A2BC41B20F5CD170004ED21 /* AudioToolbox.framework */,
			);
			name = Frameworks;
			sourceTree = "<group>";
		};
		7AD2F21820F2F98E0050B350 = {
			isa = PBXGroup;
			children = (
				7AD2F22320F2F98E0050B350 /* okite */,
				7AD2F22220F2F98E0050B350 /* Products */,
				7A2BC41A20F5CD170004ED21 /* Frameworks */,
			);
			sourceTree = "<group>";
		};
		7AD2F22220F2F98E0050B350 /* Products */ = {
			isa = PBXGroup;
			children = (
				7AD2F22120F2F98E0050B350 /* okite.app */,
			);
			name = Products;
			sourceTree = "<group>";
		};
		7AD2F22320F2F98E0050B350 /* okite */ = {
			isa = PBXGroup;
			children = (
				7AD2F22420F2F98E0050B350 /* AppDelegate.swift */,
				7AD2F22620F2F98E0050B350 /* ViewController.swift */,
				7AD2F22820F2F98E0050B350 /* Main.storyboard */,
				7AD2F22B20F2F98F0050B350 /* Assets.xcassets */,
				7AD2F22D20F2F98F0050B350 /* LaunchScreen.storyboard */,
				7AD2F23020F2F98F0050B350 /* Info.plist */,
				7A2BC41D20F5D15F0004ED21 /* Clock-Alarm Dig01-2L.mp3 */,
			);
			path = okite;
			sourceTree = "<group>";
		};
/* End PBXGroup section */

/* Begin PBXNativeTarget section */
		7AD2F22020F2F98E0050B350 /* okite */ = {
			isa = PBXNativeTarget;
			buildConfigurationList = 7AD2F23320F2F98F0050B350 /* Build configuration list for PBXNativeTarget "okite" */;
			buildPhases = (
				7AD2F21D20F2F98E0050B350 /* Sources */,
				7AD2F21E20F2F98E0050B350 /* Frameworks */,
				7AD2F21F20F2F98E0050B350 /* Resources */,
			);
			buildRules = (
			);
			dependencies = (
			);
			name = okite;
			productName = okite;
			productReference = 7AD2F22120F2F98E0050B350 /* okite.app */;
			productType = "com.apple.product-type.application";
		};
/* End PBXNativeTarget section */

/* Begin PBXProject section */
		7AD2F21920F2F98E0050B350 /* Project object */ = {
			isa = PBXProject;
			attributes = {
				LastSwiftUpdateCheck = 0940;
				LastUpgradeCheck = 0940;
				ORGANIZATIONNAME = "石原 理子";
				TargetAttributes = {
					7AD2F22020F2F98E0050B350 = {
						CreatedOnToolsVersion = 9.4.1;
					};
				};
			};
			buildConfigurationList = 7AD2F21C20F2F98E0050B350 /* Build configuration list for PBXProject "okite" */;
			compatibilityVersion = "Xcode 9.3";
			developmentRegion = en;
			hasScannedForEncodings = 0;
			knownRegions = (
				en,
				Base,
			);
			mainGroup = 7AD2F21820F2F98E0050B350;
			productRefGroup = 7AD2F22220F2F98E0050B350 /* Products */;
			projectDirPath = "";
			projectRoot = "";
			targets = (
				7AD2F22020F2F98E0050B350 /* okite */,
			);
		};
/* End PBXProject section */

/* Begin PBXResourcesBuildPhase section */
		7AD2F21F20F2F98E0050B350 /* Resources */ = {
			isa = PBXResourcesBuildPhase;
			buildActionMask = 2147483647;
			files = (
				7A2BC41E20F5D15F0004ED21 /* Clock-Alarm Dig01-2L.mp3 in Resources */,
				7AD2F22F20F2F98F0050B350 /* LaunchScreen.storyboard in Resources */,
				7AD2F22C20F2F98F0050B350 /* Assets.xcassets in Resources */,
				7AD2F22A20F2F98E0050B350 /* Main.storyboard in Resources */,
			);
			runOnlyForDeploymentPostprocessing = 0;
		};
/* End PBXResourcesBuildPhase section */

/* Begin PBXSourcesBuildPhase section */
		7AD2F21D20F2F98E0050B350 /* Sources */ = {
			isa = PBXSourcesBuildPhase;
			buildActionMask = 2147483647;
			files = (
				7AD2F22720F2F98E0050B350 /* ViewController.swift in Sources */,
				7AD2F22520F2F98E0050B350 /* AppDelegate.swift in Sources */,
			);
			runOnlyForDeploymentPostprocessing = 0;
		};
/* End PBXSourcesBuildPhase section */

/* Begin PBXVariantGroup section */
		7AD2F22820F2F98E0050B350 /* Main.storyboard */ = {
			isa = PBXVariantGroup;
			children = (
				7AD2F22920F2F98E0050B350 /* Base */,
			);
			name = Main.storyboard;
			sourceTree = "<group>";
		};
		7AD2F22D20F2F98F0050B350 /* LaunchScreen.storyboard */ = {
			isa = PBXVariantGroup;
			children = (
				7AD2F22E20F2F98F0050B350 /* Base */,
			);
			name = LaunchScreen.storyboard;
			sourceTree = "<group>";
		};
/* End PBXVariantGroup section */

/* Begin XCBuildConfiguration section */
		7AD2F23120F2F98F0050B350 /* Debug */ = {
			isa = XCBuildConfiguration;
			buildSettings = {
				ALWAYS_SEARCH_USER_PATHS = NO;
				CLANG_ANALYZER_NONNULL = YES;
				CLANG_ANALYZER_NUMBER_OBJECT_CONVERSION = YES_AGGRESSIVE;
				CLANG_CXX_LANGUAGE_STANDARD = "gnu++14";
				CLANG_CXX_LIBRARY = "libc++";
				CLANG_ENABLE_MODULES = YES;
				CLANG_ENABLE_OBJC_ARC = YES;
				CLANG_ENABLE_OBJC_WEAK = YES;
				CLANG_WARN_BLOCK_CAPTURE_AUTORELEASING = YES;
				CLANG_WARN_BOOL_CONVERSION = YES;
				CLANG_WARN_COMMA = YES;
				CLANG_WARN_CONSTANT_CONVERSION = YES;
				CLANG_WARN_DEPRECATED_OBJC_IMPLEMENTATIONS = YES;
				CLANG_WARN_DIRECT_OBJC_ISA_USAGE = YES_ERROR;
				CLANG_WARN_DOCUMENTATION_COMMENTS = YES;
				CLANG_WARN_EMPTY_BODY = YES;
				CLANG_WARN_ENUM_CONVERSION = YES;
				CLANG_WARN_INFINITE_RECURSION = YES;
				CLANG_WARN_INT_CONVERSION = YES;
				CLANG_WARN_NON_LITERAL_NULL_CONVERSION = YES;
				CLANG_WARN_OBJC_IMPLICIT_RETAIN_SELF = YES;
				CLANG_WARN_OBJC_LITERAL_CONVERSION = YES;
				CLANG_WARN_OBJC_ROOT_CLASS = YES_ERROR;
				CLANG_WARN_RANGE_LOOP_ANALYSIS = YES;
				CLANG_WARN_STRICT_PROTOTYPES = YES;
				CLANG_WARN_SUSPICIOUS_MOVE = YES;
				CLANG_WARN_UNGUARDED_AVAILABILITY = YES_AGGRESSIVE;
				CLANG_WARN_UNREACHABLE_CODE = YES;
				CLANG_WARN__DUPLICATE_METHOD_MATCH = YES;
				CODE_SIGN_IDENTITY = "iPhone Developer";
				COPY_PHASE_STRIP = NO;
				DEBUG_INFORMATION_FORMAT = dwarf;
				ENABLE_STRICT_OBJC_MSGSEND = YES;
				ENABLE_TESTABILITY = YES;
				GCC_C_LANGUAGE_STANDARD = gnu11;
				GCC_DYNAMIC_NO_PIC = NO;
				GCC_NO_COMMON_BLOCKS = YES;
				GCC_OPTIMIZATION_LEVEL = 0;
				GCC_PREPROCESSOR_DEFINITIONS = (
					"DEBUG=1",
					"$(inherited)",
				);
				GCC_WARN_64_TO_32_BIT_CONVERSION = YES;
				GCC_WARN_ABOUT_RETURN_TYPE = YES_ERROR;
				GCC_WARN_UNDECLARED_SELECTOR = YES;
				GCC_WARN_UNINITIALIZED_AUTOS = YES_AGGRESSIVE;
				GCC_WARN_UNUSED_FUNCTION = YES;
				GCC_WARN_UNUSED_VARIABLE = YES;
				IPHONEOS_DEPLOYMENT_TARGET = 11.4;
				MTL_ENABLE_DEBUG_INFO = YES;
				ONLY_ACTIVE_ARCH = YES;
				SDKROOT = iphoneos;
				SWIFT_ACTIVE_COMPILATION_CONDITIONS = DEBUG;
				SWIFT_OPTIMIZATION_LEVEL = "-Onone";
			};
			name = Debug;
		};
		7AD2F23220F2F98F0050B350 /* Release */ = {
			isa = XCBuildConfiguration;
			buildSettings = {
				ALWAYS_SEARCH_USER_PATHS = NO;
				CLANG_ANALYZER_NONNULL = YES;
				CLANG_ANALYZER_NUMBER_OBJECT_CONVERSION = YES_AGGRESSIVE;
				CLANG_CXX_LANGUAGE_STANDARD = "gnu++14";
				CLANG_CXX_LIBRARY = "libc++";
				CLANG_ENABLE_MODULES = YES;
				CLANG_ENABLE_OBJC_ARC = YES;
				CLANG_ENABLE_OBJC_WEAK = YES;
				CLANG_WARN_BLOCK_CAPTURE_AUTORELEASING = YES;
				CLANG_WARN_BOOL_CONVERSION = YES;
				CLANG_WARN_COMMA = YES;
				CLANG_WARN_CONSTANT_CONVERSION = YES;
				CLANG_WARN_DEPRECATED_OBJC_IMPLEMENTATIONS = YES;
				CLANG_WARN_DIRECT_OBJC_ISA_USAGE = YES_ERROR;
				CLANG_WARN_DOCUMENTATION_COMMENTS = YES;
				CLANG_WARN_EMPTY_BODY = YES;
				CLANG_WARN_ENUM_CONVERSION = YES;
				CLANG_WARN_INFINITE_RECURSION = YES;
				CLANG_WARN_INT_CONVERSION = YES;
				CLANG_WARN_NON_LITERAL_NULL_CONVERSION = YES;
				CLANG_WARN_OBJC_IMPLICIT_RETAIN_SELF = YES;
				CLANG_WARN_OBJC_LITERAL_CONVERSION = YES;
				CLANG_WARN_OBJC_ROOT_CLASS = YES_ERROR;
				CLANG_WARN_RANGE_LOOP_ANALYSIS = YES;
				CLANG_WARN_STRICT_PROTOTYPES = YES;
				CLANG_WARN_SUSPICIOUS_MOVE = YES;
				CLANG_WARN_UNGUARDED_AVAILABILITY = YES_AGGRESSIVE;
				CLANG_WARN_UNREACHABLE_CODE = YES;
				CLANG_WARN__DUPLICATE_METHOD_MATCH = YES;
				CODE_SIGN_IDENTITY = "iPhone Developer";
				COPY_PHASE_STRIP = NO;
				DEBUG_INFORMATION_FORMAT = "dwarf-with-dsym";
				ENABLE_NS_ASSERTIONS = NO;
				ENABLE_STRICT_OBJC_MSGSEND = YES;
				GCC_C_LANGUAGE_STANDARD = gnu11;
				GCC_NO_COMMON_BLOCKS = YES;
				GCC_WARN_64_TO_32_BIT_CONVERSION = YES;
				GCC_WARN_ABOUT_RETURN_TYPE = YES_ERROR;
				GCC_WARN_UNDECLARED_SELECTOR = YES;
				GCC_WARN_UNINITIALIZED_AUTOS = YES_AGGRESSIVE;
				GCC_WARN_UNUSED_FUNCTION = YES;
				GCC_WARN_UNUSED_VARIABLE = YES;
				IPHONEOS_DEPLOYMENT_TARGET = 11.4;
				MTL_ENABLE_DEBUG_INFO = NO;
				SDKROOT = iphoneos;
				SWIFT_COMPILATION_MODE = wholemodule;
				SWIFT_OPTIMIZATION_LEVEL = "-O";
				VALIDATE_PRODUCT = YES;
			};
			name = Release;
		};
		7AD2F23420F2F98F0050B350 /* Debug */ = {
			isa = XCBuildConfiguration;
			buildSettings = {
				ASSETCATALOG_COMPILER_APPICON_NAME = AppIcon;
				CODE_SIGN_STYLE = Automatic;
				INFOPLIST_FILE = okite/Info.plist;
				LD_RUNPATH_SEARCH_PATHS = (
					"$(inherited)",
					"@executable_path/Frameworks",
				);
				PRODUCT_BUNDLE_IDENTIFIER = com.yaco.okite;
				PRODUCT_NAME = "$(TARGET_NAME)";
				SWIFT_VERSION = 4.0;
				TARGETED_DEVICE_FAMILY = "1,2";
			};
			name = Debug;
		};
		7AD2F23520F2F98F0050B350 /* Release */ = {
			isa = XCBuildConfiguration;
			buildSettings = {
				ASSETCATALOG_COMPILER_APPICON_NAME = AppIcon;
				CODE_SIGN_STYLE = Automatic;
				INFOPLIST_FILE = okite/Info.plist;
				LD_RUNPATH_SEARCH_PATHS = (
					"$(inherited)",
					"@executable_path/Frameworks",
				);
				PRODUCT_BUNDLE_IDENTIFIER = com.yaco.okite;
				PRODUCT_NAME = "$(TARGET_NAME)";
				SWIFT_VERSION = 4.0;
				TARGETED_DEVICE_FAMILY = "1,2";
			};
			name = Release;
		};
/* End XCBuildConfiguration section */

/* Begin XCConfigurationList section */
		7AD2F21C20F2F98E0050B350 /* Build configuration list for PBXProject "okite" */ = {
			isa = XCConfigurationList;
			buildConfigurations = (
				7AD2F23120F2F98F0050B350 /* Debug */,
				7AD2F23220F2F98F0050B350 /* Release */,
			);
			defaultConfigurationIsVisible = 0;
			defaultConfigurationName = Release;
		};
		7AD2F23320F2F98F0050B350 /* Build configuration list for PBXNativeTarget "okite" */ = {
			isa = XCConfigurationList;
			buildConfigurations = (
				7AD2F23420F2F98F0050B350 /* Debug */,
				7AD2F23520F2F98F0050B350 /* Release */,
			);
			defaultConfigurationIsVisible = 0;
			defaultConfigurationName = Release;
		};
/* End XCConfigurationList section */
	};
	rootObject = 7AD2F21920F2F98E0050B350 /* Project object */;
}
